
Microsoft Visual Studio Solution File, Format Version 12.00
# Visual Studio 14
VisualStudioVersion = 14.0.25420.1
MinimumVisualStudioVersion = 10.0.40219.1
Project("{2150E333-8FDC-42A3-9474-1A3956D46DE8}") = "sln", "sln", "{C328A697-C525-4D90-BD45-FB9C681EEB5A}"
EndProject
Project("{2150E333-8FDC-42A3-9474-1A3956D46DE8}") = "src", "src", "{A89B47E3-9099-4043-8BBF-109C6A4B74B0}"
EndProject
Project("{F2A71F9B-5D33-465A-A702-920D77279786}") = "Freya.Routers", "src\Freya.Routers\Freya.Routers.fsproj", "{947E950B-DC5E-488E-AF69-5DEB6FB41EC5}"
EndProject
Project("{2150E333-8FDC-42A3-9474-1A3956D46DE8}") = "build", "build", "{51C80278-0EA4-492B-BA43-F60AAC69B242}"
	ProjectSection(SolutionItems) = preProject
		build.cmd = build.cmd
	EndProjectSection
EndProject
Project("{2150E333-8FDC-42A3-9474-1A3956D46DE8}") = "dependencies", "dependencies", "{4B6785A1-9591-4A0B-B0E8-8B59E45D27D6}"
	ProjectSection(SolutionItems) = preProject
		paket.dependencies = paket.dependencies
		paket.lock = paket.lock
	EndProjectSection
EndProject
Project("{2150E333-8FDC-42A3-9474-1A3956D46DE8}") = "tests", "tests", "{CD0251CD-035A-41CA-9723-36CE59F64E75}"
EndProject
Project("{F2A71F9B-5D33-465A-A702-920D77279786}") = "Freya.Routers.Uri.Template", "src\Freya.Routers.Uri.Template\Freya.Routers.Uri.Template.fsproj", "{4DF4D77A-52FB-4256-9D75-228D4C3C86B6}"
EndProject
Project("{F2A71F9B-5D33-465A-A702-920D77279786}") = "Freya.Routers.Uri.Template.Tests", "tests\Freya.Routers.Uri.Template.Tests\Freya.Routers.Uri.Template.Tests.fsproj", "{E3735DA6-738B-40ED-82F9-EBFF8F9D8B90}"
EndProject
Project("{2150E333-8FDC-42A3-9474-1A3956D46DE8}") = "variants", "variants", "{EFFC4069-E487-4810-AB63-72DF11470869}"
EndProject
Project("{2150E333-8FDC-42A3-9474-1A3956D46DE8}") = "async", "async", "{6C8943C0-FD0B-4674-A65D-B34EB66FBD92}"
EndProject
Project("{2150E333-8FDC-42A3-9474-1A3956D46DE8}") = "hopac", "hopac", "{D42AF3FA-F6C4-4D23-B45C-85A5CD6D4701}"
EndProject
Project("{2150E333-8FDC-42A3-9474-1A3956D46DE8}") = "common", "common", "{9AB7BF0C-8CAD-462D-BF80-5C6414291165}"
EndProject
Project("{2150E333-8FDC-42A3-9474-1A3956D46DE8}") = "src", "src", "{EE7DFFE3-625F-46C9-9CD2-4164FE190733}"
EndProject
Project("{2150E333-8FDC-42A3-9474-1A3956D46DE8}") = "src", "src", "{129CC272-109E-4A64-A47B-A225AE399470}"
EndProject
Project("{F2A71F9B-5D33-465A-A702-920D77279786}") = "Freya.Routers.Uri.Template.Hopac", "src\Freya.Routers.Uri.Template.Hopac\Freya.Routers.Uri.Template.Hopac.fsproj", "{5634A49D-3874-433E-8E3C-C4687F0A6B3A}"
EndProject
Project("{2150E333-8FDC-42A3-9474-1A3956D46DE8}") = "tests", "tests", "{67A18997-CB3D-4AE6-8E90-DAE23045C971}"
EndProject
Project("{F2A71F9B-5D33-465A-A702-920D77279786}") = "Freya.Routers.Uri.Template.Hopac.Tests", "tests\Freya.Routers.Uri.Template.Hopac.Tests\Freya.Routers.Uri.Template.Hopac.Tests.fsproj", "{62F878F2-1634-4D36-86D8-44BA383E67DD}"
EndProject
Project("{2150E333-8FDC-42A3-9474-1A3956D46DE8}") = "benchmarks", "benchmarks", "{5298469D-F9FE-4ED7-85AD-7ED199B0A94B}"
EndProject
Project("{F2A71F9B-5D33-465A-A702-920D77279786}") = "Freya.Routers.Uri.Template.Benchmarks", "benchmarks\Freya.Routers.Uri.Template.Benchmarks\Freya.Routers.Uri.Template.Benchmarks.fsproj", "{B30F4724-8AEE-427C-834A-D2C4E9BB8F69}"
EndProject
Project("{F2A71F9B-5D33-465A-A702-920D77279786}") = "ConsoleApplication1", "tests\ConsoleApplication1\ConsoleApplication1.fsproj", "{BDE96203-EAFA-46B5-9991-EC80DFDA2C27}"
EndProject
Global
	GlobalSection(SolutionConfigurationPlatforms) = preSolution
		Debug|Any CPU = Debug|Any CPU
		Release|Any CPU = Release|Any CPU
	EndGlobalSection
	GlobalSection(ProjectConfigurationPlatforms) = postSolution
		{947E950B-DC5E-488E-AF69-5DEB6FB41EC5}.Debug|Any CPU.ActiveCfg = Debug|Any CPU
		{947E950B-DC5E-488E-AF69-5DEB6FB41EC5}.Debug|Any CPU.Build.0 = Debug|Any CPU
		{947E950B-DC5E-488E-AF69-5DEB6FB41EC5}.Release|Any CPU.ActiveCfg = Release|Any CPU
		{947E950B-DC5E-488E-AF69-5DEB6FB41EC5}.Release|Any CPU.Build.0 = Release|Any CPU
		{4DF4D77A-52FB-4256-9D75-228D4C3C86B6}.Debug|Any CPU.ActiveCfg = Debug|Any CPU
		{4DF4D77A-52FB-4256-9D75-228D4C3C86B6}.Debug|Any CPU.Build.0 = Debug|Any CPU
		{4DF4D77A-52FB-4256-9D75-228D4C3C86B6}.Release|Any CPU.ActiveCfg = Release|Any CPU
		{4DF4D77A-52FB-4256-9D75-228D4C3C86B6}.Release|Any CPU.Build.0 = Release|Any CPU
		{E3735DA6-738B-40ED-82F9-EBFF8F9D8B90}.Debug|Any CPU.ActiveCfg = Debug|Any CPU
		{E3735DA6-738B-40ED-82F9-EBFF8F9D8B90}.Debug|Any CPU.Build.0 = Debug|Any CPU
		{E3735DA6-738B-40ED-82F9-EBFF8F9D8B90}.Release|Any CPU.ActiveCfg = Release|Any CPU
		{E3735DA6-738B-40ED-82F9-EBFF8F9D8B90}.Release|Any CPU.Build.0 = Release|Any CPU
		{5634A49D-3874-433E-8E3C-C4687F0A6B3A}.Debug|Any CPU.ActiveCfg = Debug|Any CPU
		{5634A49D-3874-433E-8E3C-C4687F0A6B3A}.Debug|Any CPU.Build.0 = Debug|Any CPU
		{5634A49D-3874-433E-8E3C-C4687F0A6B3A}.Release|Any CPU.ActiveCfg = Release|Any CPU
		{5634A49D-3874-433E-8E3C-C4687F0A6B3A}.Release|Any CPU.Build.0 = Release|Any CPU
		{62F878F2-1634-4D36-86D8-44BA383E67DD}.Debug|Any CPU.ActiveCfg = Debug|Any CPU
		{62F878F2-1634-4D36-86D8-44BA383E67DD}.Debug|Any CPU.Build.0 = Debug|Any CPU
		{62F878F2-1634-4D36-86D8-44BA383E67DD}.Release|Any CPU.ActiveCfg = Release|Any CPU
		{62F878F2-1634-4D36-86D8-44BA383E67DD}.Release|Any CPU.Build.0 = Release|Any CPU
		{B30F4724-8AEE-427C-834A-D2C4E9BB8F69}.Debug|Any CPU.ActiveCfg = Debug|Any CPU
		{B30F4724-8AEE-427C-834A-D2C4E9BB8F69}.Debug|Any CPU.Build.0 = Debug|Any CPU
		{B30F4724-8AEE-427C-834A-D2C4E9BB8F69}.Release|Any CPU.ActiveCfg = Release|Any CPU
		{B30F4724-8AEE-427C-834A-D2C4E9BB8F69}.Release|Any CPU.Build.0 = Release|Any CPU
		{BDE96203-EAFA-46B5-9991-EC80DFDA2C27}.Debug|Any CPU.ActiveCfg = Debug|Any CPU
		{BDE96203-EAFA-46B5-9991-EC80DFDA2C27}.Debug|Any CPU.Build.0 = Debug|Any CPU
		{BDE96203-EAFA-46B5-9991-EC80DFDA2C27}.Release|Any CPU.ActiveCfg = Release|Any CPU
		{BDE96203-EAFA-46B5-9991-EC80DFDA2C27}.Release|Any CPU.Build.0 = Release|Any CPU
	EndGlobalSection
	GlobalSection(SolutionProperties) = preSolution
		HideSolutionNode = FALSE
	EndGlobalSection
	GlobalSection(NestedProjects) = preSolution
		{A89B47E3-9099-4043-8BBF-109C6A4B74B0} = {6C8943C0-FD0B-4674-A65D-B34EB66FBD92}
		{947E950B-DC5E-488E-AF69-5DEB6FB41EC5} = {EE7DFFE3-625F-46C9-9CD2-4164FE190733}
		{51C80278-0EA4-492B-BA43-F60AAC69B242} = {C328A697-C525-4D90-BD45-FB9C681EEB5A}
		{4B6785A1-9591-4A0B-B0E8-8B59E45D27D6} = {C328A697-C525-4D90-BD45-FB9C681EEB5A}
		{CD0251CD-035A-41CA-9723-36CE59F64E75} = {6C8943C0-FD0B-4674-A65D-B34EB66FBD92}
		{4DF4D77A-52FB-4256-9D75-228D4C3C86B6} = {A89B47E3-9099-4043-8BBF-109C6A4B74B0}
		{E3735DA6-738B-40ED-82F9-EBFF8F9D8B90} = {CD0251CD-035A-41CA-9723-36CE59F64E75}
		{6C8943C0-FD0B-4674-A65D-B34EB66FBD92} = {EFFC4069-E487-4810-AB63-72DF11470869}
		{D42AF3FA-F6C4-4D23-B45C-85A5CD6D4701} = {EFFC4069-E487-4810-AB63-72DF11470869}
		{9AB7BF0C-8CAD-462D-BF80-5C6414291165} = {EFFC4069-E487-4810-AB63-72DF11470869}
		{EE7DFFE3-625F-46C9-9CD2-4164FE190733} = {9AB7BF0C-8CAD-462D-BF80-5C6414291165}
		{129CC272-109E-4A64-A47B-A225AE399470} = {D42AF3FA-F6C4-4D23-B45C-85A5CD6D4701}
		{5634A49D-3874-433E-8E3C-C4687F0A6B3A} = {129CC272-109E-4A64-A47B-A225AE399470}
		{67A18997-CB3D-4AE6-8E90-DAE23045C971} = {D42AF3FA-F6C4-4D23-B45C-85A5CD6D4701}
		{62F878F2-1634-4D36-86D8-44BA383E67DD} = {67A18997-CB3D-4AE6-8E90-DAE23045C971}
		{5298469D-F9FE-4ED7-85AD-7ED199B0A94B} = {6C8943C0-FD0B-4674-A65D-B34EB66FBD92}
		{B30F4724-8AEE-427C-834A-D2C4E9BB8F69} = {5298469D-F9FE-4ED7-85AD-7ED199B0A94B}
		{BDE96203-EAFA-46B5-9991-EC80DFDA2C27} = {CD0251CD-035A-41CA-9723-36CE59F64E75}
	EndGlobalSection
EndGlobal
